// !$*UTF8*$!
{
	archiveVersion = 1;
	classes = {
	};
	objectVersion = 50;
	objects = {

/* Begin PBXBuildFile section */
		22324F8825C1086500A33770 /* FIFOQueue.swift in Sources */ = {isa = PBXBuildFile; fileRef = 22324F8325C1086500A33770 /* FIFOQueue.swift */; };
		22324F8925C1086500A33770 /* CWDFlapMap.swift in Sources */ = {isa = PBXBuildFile; fileRef = 22324F8425C1086500A33770 /* CWDFlapMap.swift */; };
		22324F8A25C1086500A33770 /* CWDString.swift in Sources */ = {isa = PBXBuildFile; fileRef = 22324F8525C1086500A33770 /* CWDString.swift */; };
		22324F8B25C1086500A33770 /* CWDOptional.swift in Sources */ = {isa = PBXBuildFile; fileRef = 22324F8625C1086500A33770 /* CWDOptional.swift */; };
		22324F8C25C1086500A33770 /* CWDSequence.swift in Sources */ = {isa = PBXBuildFile; fileRef = 22324F8725C1086500A33770 /* CWDSequence.swift */; };
		22E3118C25BEFC3E002D68BA /* AppDelegate.swift in Sources */ = {isa = PBXBuildFile; fileRef = 22E3118B25BEFC3E002D68BA /* AppDelegate.swift */; };
		22E3118E25BEFC3E002D68BA /* SceneDelegate.swift in Sources */ = {isa = PBXBuildFile; fileRef = 22E3118D25BEFC3E002D68BA /* SceneDelegate.swift */; };
		22E3119025BEFC3E002D68BA /* ViewController.swift in Sources */ = {isa = PBXBuildFile; fileRef = 22E3118F25BEFC3E002D68BA /* ViewController.swift */; };
		22E3119325BEFC3E002D68BA /* Main.storyboard in Resources */ = {isa = PBXBuildFile; fileRef = 22E3119125BEFC3E002D68BA /* Main.storyboard */; };
		22E3119525BEFC40002D68BA /* Assets.xcassets in Resources */ = {isa = PBXBuildFile; fileRef = 22E3119425BEFC40002D68BA /* Assets.xcassets */; };
		22E3119825BEFC40002D68BA /* LaunchScreen.storyboard in Resources */ = {isa = PBXBuildFile; fileRef = 22E3119625BEFC40002D68BA /* LaunchScreen.storyboard */; };
		22E311A325BEFC40002D68BA /* Swift___Tests.swift in Sources */ = {isa = PBXBuildFile; fileRef = 22E311A225BEFC40002D68BA /* Swift___Tests.swift */; };
		22E311AE25BEFC40002D68BA /* Swift___UITests.swift in Sources */ = {isa = PBXBuildFile; fileRef = 22E311AD25BEFC40002D68BA /* Swift___UITests.swift */; };
/* End PBXBuildFile section */

/* Begin PBXContainerItemProxy section */
		22E3119F25BEFC40002D68BA /* PBXContainerItemProxy */ = {
			isa = PBXContainerItemProxy;
			containerPortal = 22E3118025BEFC3E002D68BA /* Project object */;
			proxyType = 1;
			remoteGlobalIDString = 22E3118725BEFC3E002D68BA;
			remoteInfo = "Swift 进阶";
		};
		22E311AA25BEFC40002D68BA /* PBXContainerItemProxy */ = {
			isa = PBXContainerItemProxy;
			containerPortal = 22E3118025BEFC3E002D68BA /* Project object */;
			proxyType = 1;
			remoteGlobalIDString = 22E3118725BEFC3E002D68BA;
			remoteInfo = "Swift 进阶";
		};
/* End PBXContainerItemProxy section */

/* Begin PBXFileReference section */
		22324F8325C1086500A33770 /* FIFOQueue.swift */ = {isa = PBXFileReference; fileEncoding = 4; lastKnownFileType = sourcecode.swift; path = FIFOQueue.swift; sourceTree = "<group>"; };
		22324F8425C1086500A33770 /* CWDFlapMap.swift */ = {isa = PBXFileReference; fileEncoding = 4; lastKnownFileType = sourcecode.swift; path = CWDFlapMap.swift; sourceTree = "<group>"; };
		22324F8525C1086500A33770 /* CWDString.swift */ = {isa = PBXFileReference; fileEncoding = 4; lastKnownFileType = sourcecode.swift; path = CWDString.swift; sourceTree = "<group>"; };
		22324F8625C1086500A33770 /* CWDOptional.swift */ = {isa = PBXFileReference; fileEncoding = 4; lastKnownFileType = sourcecode.swift; path = CWDOptional.swift; sourceTree = "<group>"; };
		22324F8725C1086500A33770 /* CWDSequence.swift */ = {isa = PBXFileReference; fileEncoding = 4; lastKnownFileType = sourcecode.swift; path = CWDSequence.swift; sourceTree = "<group>"; };
		22E3118825BEFC3E002D68BA /* Swift 进阶.app */ = {isa = PBXFileReference; explicitFileType = wrapper.application; includeInIndex = 0; path = "Swift 进阶.app"; sourceTree = BUILT_PRODUCTS_DIR; };
		22E3118B25BEFC3E002D68BA /* AppDelegate.swift */ = {isa = PBXFileReference; lastKnownFileType = sourcecode.swift; path = AppDelegate.swift; sourceTree = "<group>"; };
		22E3118D25BEFC3E002D68BA /* SceneDelegate.swift */ = {isa = PBXFileReference; lastKnownFileType = sourcecode.swift; path = SceneDelegate.swift; sourceTree = "<group>"; };
		22E3118F25BEFC3E002D68BA /* ViewController.swift */ = {isa = PBXFileReference; lastKnownFileType = sourcecode.swift; path = ViewController.swift; sourceTree = "<group>"; };
		22E3119225BEFC3E002D68BA /* Base */ = {isa = PBXFileReference; lastKnownFileType = file.storyboard; name = Base; path = Base.lproj/Main.storyboard; sourceTree = "<group>"; };
		22E3119425BEFC40002D68BA /* Assets.xcassets */ = {isa = PBXFileReference; lastKnownFileType = folder.assetcatalog; path = Assets.xcassets; sourceTree = "<group>"; };
		22E3119725BEFC40002D68BA /* Base */ = {isa = PBXFileReference; lastKnownFileType = file.storyboard; name = Base; path = Base.lproj/LaunchScreen.storyboard; sourceTree = "<group>"; };
		22E3119925BEFC40002D68BA /* Info.plist */ = {isa = PBXFileReference; lastKnownFileType = text.plist.xml; path = Info.plist; sourceTree = "<group>"; };
		22E3119E25BEFC40002D68BA /* Swift 进阶Tests.xctest */ = {isa = PBXFileReference; explicitFileType = wrapper.cfbundle; includeInIndex = 0; path = "Swift 进阶Tests.xctest"; sourceTree = BUILT_PRODUCTS_DIR; };
		22E311A225BEFC40002D68BA /* Swift___Tests.swift */ = {isa = PBXFileReference; lastKnownFileType = sourcecode.swift; path = "Swift___Tests.swift"; sourceTree = "<group>"; };
		22E311A425BEFC40002D68BA /* Info.plist */ = {isa = PBXFileReference; lastKnownFileType = text.plist.xml; path = Info.plist; sourceTree = "<group>"; };
		22E311A925BEFC40002D68BA /* Swift 进阶UITests.xctest */ = {isa = PBXFileReference; explicitFileType = wrapper.cfbundle; includeInIndex = 0; path = "Swift 进阶UITests.xctest"; sourceTree = BUILT_PRODUCTS_DIR; };
		22E311AD25BEFC40002D68BA /* Swift___UITests.swift */ = {isa = PBXFileReference; lastKnownFileType = sourcecode.swift; path = "Swift___UITests.swift"; sourceTree = "<group>"; };
		22E311AF25BEFC40002D68BA /* Info.plist */ = {isa = PBXFileReference; lastKnownFileType = text.plist.xml; path = Info.plist; sourceTree = "<group>"; };
/* End PBXFileReference section */

/* Begin PBXFrameworksBuildPhase section */
		22E3118525BEFC3E002D68BA /* Frameworks */ = {
			isa = PBXFrameworksBuildPhase;
			buildActionMask = 2147483647;
			files = (
			);
			runOnlyForDeploymentPostprocessing = 0;
		};
		22E3119B25BEFC40002D68BA /* Frameworks */ = {
			isa = PBXFrameworksBuildPhase;
			buildActionMask = 2147483647;
			files = (
			);
			runOnlyForDeploymentPostprocessing = 0;
		};
		22E311A625BEFC40002D68BA /* Frameworks */ = {
			isa = PBXFrameworksBuildPhase;
			buildActionMask = 2147483647;
			files = (
			);
			runOnlyForDeploymentPostprocessing = 0;
		};
/* End PBXFrameworksBuildPhase section */

/* Begin PBXGroup section */
		222A35BD25C1900F00392A70 /* 函数 */ = {
			isa = PBXGroup;
			children = (
			);
			path = "函数";
			sourceTree = "<group>";
		};
		22324F7F25C107F700A33770 /* foundation(基础) */ = {
			isa = PBXGroup;
			children = (
				22324F8425C1086500A33770 /* CWDFlapMap.swift */,
				22324F8625C1086500A33770 /* CWDOptional.swift */,
				22324F8725C1086500A33770 /* CWDSequence.swift */,
				22324F8525C1086500A33770 /* CWDString.swift */,
				22324F8325C1086500A33770 /* FIFOQueue.swift */,
			);
			path = "foundation(基础)";
			sourceTree = "<group>";
		};
		22324F9025C10BA600A33770 /* 类和结构体 */ = {
			isa = PBXGroup;
			children = (
			);
			path = "类和结构体";
			sourceTree = "<group>";
		};
		22E3117F25BEFC3E002D68BA = {
			isa = PBXGroup;
			children = (
				22E3118A25BEFC3E002D68BA /* Swift 进阶 */,
				22E311A125BEFC40002D68BA /* Swift 进阶Tests */,
				22E311AC25BEFC40002D68BA /* Swift 进阶UITests */,
				22E3118925BEFC3E002D68BA /* Products */,
			);
			sourceTree = "<group>";
		};
		22E3118925BEFC3E002D68BA /* Products */ = {
			isa = PBXGroup;
			children = (
				22E3118825BEFC3E002D68BA /* Swift 进阶.app */,
				22E3119E25BEFC40002D68BA /* Swift 进阶Tests.xctest */,
				22E311A925BEFC40002D68BA /* Swift 进阶UITests.xctest */,
			);
			name = Products;
			sourceTree = "<group>";
		};
		22E3118A25BEFC3E002D68BA /* Swift 进阶 */ = {
			isa = PBXGroup;
			children = (
				222A35BD25C1900F00392A70 /* 函数 */,
				22324F9025C10BA600A33770 /* 类和结构体 */,
				22324F7F25C107F700A33770 /* foundation(基础) */,
				22E3118B25BEFC3E002D68BA /* AppDelegate.swift */,
				22E3118D25BEFC3E002D68BA /* SceneDelegate.swift */,
				22E3118F25BEFC3E002D68BA /* ViewController.swift */,
				22E3119125BEFC3E002D68BA /* Main.storyboard */,
				22E3119425BEFC40002D68BA /* Assets.xcassets */,
				22E3119625BEFC40002D68BA /* LaunchScreen.storyboard */,
				22E3119925BEFC40002D68BA /* Info.plist */,
			);
			path = "Swift 进阶";
			sourceTree = "<group>";
		};
		22E311A125BEFC40002D68BA /* Swift 进阶Tests */ = {
			isa = PBXGroup;
			children = (
				22E311A225BEFC40002D68BA /* Swift___Tests.swift */,
				22E311A425BEFC40002D68BA /* Info.plist */,
			);
			path = "Swift 进阶Tests";
			sourceTree = "<group>";
		};
		22E311AC25BEFC40002D68BA /* Swift 进阶UITests */ = {
			isa = PBXGroup;
			children = (
				22E311AD25BEFC40002D68BA /* Swift___UITests.swift */,
				22E311AF25BEFC40002D68BA /* Info.plist */,
			);
			path = "Swift 进阶UITests";
			sourceTree = "<group>";
		};
/* End PBXGroup section */

/* Begin PBXNativeTarget section */
		22E3118725BEFC3E002D68BA /* Swift 进阶 */ = {
			isa = PBXNativeTarget;
			buildConfigurationList = 22E311B225BEFC40002D68BA /* Build configuration list for PBXNativeTarget "Swift 进阶" */;
			buildPhases = (
				22E3118425BEFC3E002D68BA /* Sources */,
				22E3118525BEFC3E002D68BA /* Frameworks */,
				22E3118625BEFC3E002D68BA /* Resources */,
			);
			buildRules = (
			);
			dependencies = (
			);
			name = "Swift 进阶";
			productName = "Swift 进阶";
			productReference = 22E3118825BEFC3E002D68BA /* Swift 进阶.app */;
			productType = "com.apple.product-type.application";
		};
		22E3119D25BEFC40002D68BA /* Swift 进阶Tests */ = {
			isa = PBXNativeTarget;
			buildConfigurationList = 22E311B525BEFC40002D68BA /* Build configuration list for PBXNativeTarget "Swift 进阶Tests" */;
			buildPhases = (
				22E3119A25BEFC40002D68BA /* Sources */,
				22E3119B25BEFC40002D68BA /* Frameworks */,
				22E3119C25BEFC40002D68BA /* Resources */,
			);
			buildRules = (
			);
			dependencies = (
				22E311A025BEFC40002D68BA /* PBXTargetDependency */,
			);
			name = "Swift 进阶Tests";
			productName = "Swift 进阶Tests";
			productReference = 22E3119E25BEFC40002D68BA /* Swift 进阶Tests.xctest */;
			productType = "com.apple.product-type.bundle.unit-test";
		};
		22E311A825BEFC40002D68BA /* Swift 进阶UITests */ = {
			isa = PBXNativeTarget;
			buildConfigurationList = 22E311B825BEFC40002D68BA /* Build configuration list for PBXNativeTarget "Swift 进阶UITests" */;
			buildPhases = (
				22E311A525BEFC40002D68BA /* Sources */,
				22E311A625BEFC40002D68BA /* Frameworks */,
				22E311A725BEFC40002D68BA /* Resources */,
			);
			buildRules = (
			);
			dependencies = (
				22E311AB25BEFC40002D68BA /* PBXTargetDependency */,
			);
			name = "Swift 进阶UITests";
			productName = "Swift 进阶UITests";
			productReference = 22E311A925BEFC40002D68BA /* Swift 进阶UITests.xctest */;
			productType = "com.apple.product-type.bundle.ui-testing";
		};
/* End PBXNativeTarget section */

/* Begin PBXProject section */
		22E3118025BEFC3E002D68BA /* Project object */ = {
			isa = PBXProject;
			attributes = {
				LastSwiftUpdateCheck = 1230;
				LastUpgradeCheck = 1230;
				TargetAttributes = {
					22E3118725BEFC3E002D68BA = {
						CreatedOnToolsVersion = 12.3;
					};
					22E3119D25BEFC40002D68BA = {
						CreatedOnToolsVersion = 12.3;
						TestTargetID = 22E3118725BEFC3E002D68BA;
					};
					22E311A825BEFC40002D68BA = {
						CreatedOnToolsVersion = 12.3;
						TestTargetID = 22E3118725BEFC3E002D68BA;
					};
				};
			};
			buildConfigurationList = 22E3118325BEFC3E002D68BA /* Build configuration list for PBXProject "Swift 进阶" */;
			compatibilityVersion = "Xcode 9.3";
			developmentRegion = en;
			hasScannedForEncodings = 0;
			knownRegions = (
				en,
				Base,
			);
			mainGroup = 22E3117F25BEFC3E002D68BA;
			productRefGroup = 22E3118925BEFC3E002D68BA /* Products */;
			projectDirPath = "";
			projectRoot = "";
			targets = (
				22E3118725BEFC3E002D68BA /* Swift 进阶 */,
				22E3119D25BEFC40002D68BA /* Swift 进阶Tests */,
				22E311A825BEFC40002D68BA /* Swift 进阶UITests */,
			);
		};
/* End PBXProject section */

/* Begin PBXResourcesBuildPhase section */
		22E3118625BEFC3E002D68BA /* Resources */ = {
			isa = PBXResourcesBuildPhase;
			buildActionMask = 2147483647;
			files = (
				22E3119825BEFC40002D68BA /* LaunchScreen.storyboard in Resources */,
				22E3119525BEFC40002D68BA /* Assets.xcassets in Resources */,
				22E3119325BEFC3E002D68BA /* Main.storyboard in Resources */,
			);
			runOnlyForDeploymentPostprocessing = 0;
		};
		22E3119C25BEFC40002D68BA /* Resources */ = {
			isa = PBXResourcesBuildPhase;
			buildActionMask = 2147483647;
			files = (
			);
			runOnlyForDeploymentPostprocessing = 0;
		};
		22E311A725BEFC40002D68BA /* Resources */ = {
			isa = PBXResourcesBuildPhase;
			buildActionMask = 2147483647;
			files = (
			);
			runOnlyForDeploymentPostprocessing = 0;
		};
/* End PBXResourcesBuildPhase section */

/* Begin PBXSourcesBuildPhase section */
		22E3118425BEFC3E002D68BA /* Sources */ = {
			isa = PBXSourcesBuildPhase;
			buildActionMask = 2147483647;
			files = (
				22E3119025BEFC3E002D68BA /* ViewController.swift in Sources */,
				22324F8B25C1086500A33770 /* CWDOptional.swift in Sources */,
				22324F8A25C1086500A33770 /* CWDString.swift in Sources */,
				22324F8C25C1086500A33770 /* CWDSequence.swift in Sources */,
				22324F8925C1086500A33770 /* CWDFlapMap.swift in Sources */,
				22E3118C25BEFC3E002D68BA /* AppDelegate.swift in Sources */,
				22E3118E25BEFC3E002D68BA /* SceneDelegate.swift in Sources */,
				22324F8825C1086500A33770 /* FIFOQueue.swift in Sources */,
			);
			runOnlyForDeploymentPostprocessing = 0;
		};
		22E3119A25BEFC40002D68BA /* Sources */ = {
			isa = PBXSourcesBuildPhase;
			buildActionMask = 2147483647;
			files = (
				22E311A325BEFC40002D68BA /* Swift___Tests.swift in Sources */,
			);
			runOnlyForDeploymentPostprocessing = 0;
		};
		22E311A525BEFC40002D68BA /* Sources */ = {
			isa = PBXSourcesBuildPhase;
			buildActionMask = 2147483647;
			files = (
				22E311AE25BEFC40002D68BA /* Swift___UITests.swift in Sources */,
			);
			runOnlyForDeploymentPostprocessing = 0;
		};
/* End PBXSourcesBuildPhase section */

/* Begin PBXTargetDependency section */
		22E311A025BEFC40002D68BA /* PBXTargetDependency */ = {
			isa = PBXTargetDependency;
			target = 22E3118725BEFC3E002D68BA /* Swift 进阶 */;
			targetProxy = 22E3119F25BEFC40002D68BA /* PBXContainerItemProxy */;
		};
		22E311AB25BEFC40002D68BA /* PBXTargetDependency */ = {
			isa = PBXTargetDependency;
			target = 22E3118725BEFC3E002D68BA /* Swift 进阶 */;
			targetProxy = 22E311AA25BEFC40002D68BA /* PBXContainerItemProxy */;
		};
/* End PBXTargetDependency section */

/* Begin PBXVariantGroup section */
		22E3119125BEFC3E002D68BA /* Main.storyboard */ = {
			isa = PBXVariantGroup;
			children = (
				22E3119225BEFC3E002D68BA /* Base */,
			);
			name = Main.storyboard;
			sourceTree = "<group>";
		};
		22E3119625BEFC40002D68BA /* LaunchScreen.storyboard */ = {
			isa = PBXVariantGroup;
			children = (
				22E3119725BEFC40002D68BA /* Base */,
			);
			name = LaunchScreen.storyboard;
			sourceTree = "<group>";
		};
/* End PBXVariantGroup section */

/* Begin XCBuildConfiguration section */
		22E311B025BEFC40002D68BA /* Debug */ = {
			isa = XCBuildConfiguration;
			buildSettings = {
				ALWAYS_SEARCH_USER_PATHS = NO;
				CLANG_ANALYZER_NONNULL = YES;
				CLANG_ANALYZER_NUMBER_OBJECT_CONVERSION = YES_AGGRESSIVE;
				CLANG_CXX_LANGUAGE_STANDARD = "gnu++14";
				CLANG_CXX_LIBRARY = "libc++";
				CLANG_ENABLE_MODULES = YES;
				CLANG_ENABLE_OBJC_ARC = YES;
				CLANG_ENABLE_OBJC_WEAK = YES;
				CLANG_WARN_BLOCK_CAPTURE_AUTORELEASING = YES;
				CLANG_WARN_BOOL_CONVERSION = YES;
				CLANG_WARN_COMMA = YES;
				CLANG_WARN_CONSTANT_CONVERSION = YES;
				CLANG_WARN_DEPRECATED_OBJC_IMPLEMENTATIONS = YES;
				CLANG_WARN_DIRECT_OBJC_ISA_USAGE = YES_ERROR;
				CLANG_WARN_DOCUMENTATION_COMMENTS = YES;
				CLANG_WARN_EMPTY_BODY = YES;
				CLANG_WARN_ENUM_CONVERSION = YES;
				CLANG_WARN_INFINITE_RECURSION = YES;
				CLANG_WARN_INT_CONVERSION = YES;
				CLANG_WARN_NON_LITERAL_NULL_CONVERSION = YES;
				CLANG_WARN_OBJC_IMPLICIT_RETAIN_SELF = YES;
				CLANG_WARN_OBJC_LITERAL_CONVERSION = YES;
				CLANG_WARN_OBJC_ROOT_CLASS = YES_ERROR;
				CLANG_WARN_QUOTED_INCLUDE_IN_FRAMEWORK_HEADER = YES;
				CLANG_WARN_RANGE_LOOP_ANALYSIS = YES;
				CLANG_WARN_STRICT_PROTOTYPES = YES;
				CLANG_WARN_SUSPICIOUS_MOVE = YES;
				CLANG_WARN_UNGUARDED_AVAILABILITY = YES_AGGRESSIVE;
				CLANG_WARN_UNREACHABLE_CODE = YES;
				CLANG_WARN__DUPLICATE_METHOD_MATCH = YES;
				COPY_PHASE_STRIP = NO;
				DEBUG_INFORMATION_FORMAT = dwarf;
				ENABLE_STRICT_OBJC_MSGSEND = YES;
				ENABLE_TESTABILITY = YES;
				GCC_C_LANGUAGE_STANDARD = gnu11;
				GCC_DYNAMIC_NO_PIC = NO;
				GCC_NO_COMMON_BLOCKS = YES;
				GCC_OPTIMIZATION_LEVEL = 0;
				GCC_PREPROCESSOR_DEFINITIONS = (
					"DEBUG=1",
					"$(inherited)",
				);
				GCC_WARN_64_TO_32_BIT_CONVERSION = YES;
				GCC_WARN_ABOUT_RETURN_TYPE = YES_ERROR;
				GCC_WARN_UNDECLARED_SELECTOR = YES;
				GCC_WARN_UNINITIALIZED_AUTOS = YES_AGGRESSIVE;
				GCC_WARN_UNUSED_FUNCTION = YES;
				GCC_WARN_UNUSED_VARIABLE = YES;
				IPHONEOS_DEPLOYMENT_TARGET = 14.3;
				MTL_ENABLE_DEBUG_INFO = INCLUDE_SOURCE;
				MTL_FAST_MATH = YES;
				ONLY_ACTIVE_ARCH = YES;
				SDKROOT = iphoneos;
				SWIFT_ACTIVE_COMPILATION_CONDITIONS = DEBUG;
				SWIFT_OPTIMIZATION_LEVEL = "-Onone";
			};
			name = Debug;
		};
		22E311B125BEFC40002D68BA /* Release */ = {
			isa = XCBuildConfiguration;
			buildSettings = {
				ALWAYS_SEARCH_USER_PATHS = NO;
				CLANG_ANALYZER_NONNULL = YES;
				CLANG_ANALYZER_NUMBER_OBJECT_CONVERSION = YES_AGGRESSIVE;
				CLANG_CXX_LANGUAGE_STANDARD = "gnu++14";
				CLANG_CXX_LIBRARY = "libc++";
				CLANG_ENABLE_MODULES = YES;
				CLANG_ENABLE_OBJC_ARC = YES;
				CLANG_ENABLE_OBJC_WEAK = YES;
				CLANG_WARN_BLOCK_CAPTURE_AUTORELEASING = YES;
				CLANG_WARN_BOOL_CONVERSION = YES;
				CLANG_WARN_COMMA = YES;
				CLANG_WARN_CONSTANT_CONVERSION = YES;
				CLANG_WARN_DEPRECATED_OBJC_IMPLEMENTATIONS = YES;
				CLANG_WARN_DIRECT_OBJC_ISA_USAGE = YES_ERROR;
				CLANG_WARN_DOCUMENTATION_COMMENTS = YES;
				CLANG_WARN_EMPTY_BODY = YES;
				CLANG_WARN_ENUM_CONVERSION = YES;
				CLANG_WARN_INFINITE_RECURSION = YES;
				CLANG_WARN_INT_CONVERSION = YES;
				CLANG_WARN_NON_LITERAL_NULL_CONVERSION = YES;
				CLANG_WARN_OBJC_IMPLICIT_RETAIN_SELF = YES;
				CLANG_WARN_OBJC_LITERAL_CONVERSION = YES;
				CLANG_WARN_OBJC_ROOT_CLASS = YES_ERROR;
				CLANG_WARN_QUOTED_INCLUDE_IN_FRAMEWORK_HEADER = YES;
				CLANG_WARN_RANGE_LOOP_ANALYSIS = YES;
				CLANG_WARN_STRICT_PROTOTYPES = YES;
				CLANG_WARN_SUSPICIOUS_MOVE = YES;
				CLANG_WARN_UNGUARDED_AVAILABILITY = YES_AGGRESSIVE;
				CLANG_WARN_UNREACHABLE_CODE = YES;
				CLANG_WARN__DUPLICATE_METHOD_MATCH = YES;
				COPY_PHASE_STRIP = NO;
				DEBUG_INFORMATION_FORMAT = "dwarf-with-dsym";
				ENABLE_NS_ASSERTIONS = NO;
				ENABLE_STRICT_OBJC_MSGSEND = YES;
				GCC_C_LANGUAGE_STANDARD = gnu11;
				GCC_NO_COMMON_BLOCKS = YES;
				GCC_WARN_64_TO_32_BIT_CONVERSION = YES;
				GCC_WARN_ABOUT_RETURN_TYPE = YES_ERROR;
				GCC_WARN_UNDECLARED_SELECTOR = YES;
				GCC_WARN_UNINITIALIZED_AUTOS = YES_AGGRESSIVE;
				GCC_WARN_UNUSED_FUNCTION = YES;
				GCC_WARN_UNUSED_VARIABLE = YES;
				IPHONEOS_DEPLOYMENT_TARGET = 14.3;
				MTL_ENABLE_DEBUG_INFO = NO;
				MTL_FAST_MATH = YES;
				SDKROOT = iphoneos;
				SWIFT_COMPILATION_MODE = wholemodule;
				SWIFT_OPTIMIZATION_LEVEL = "-O";
				VALIDATE_PRODUCT = YES;
			};
			name = Release;
		};
		22E311B325BEFC40002D68BA /* Debug */ = {
			isa = XCBuildConfiguration;
			buildSettings = {
				ASSETCATALOG_COMPILER_APPICON_NAME = AppIcon;
				ASSETCATALOG_COMPILER_GLOBAL_ACCENT_COLOR_NAME = AccentColor;
				CODE_SIGN_STYLE = Automatic;
				INFOPLIST_FILE = "Swift 进阶/Info.plist";
				LD_RUNPATH_SEARCH_PATHS = (
					"$(inherited)",
					"@executable_path/Frameworks",
				);
				PRODUCT_BUNDLE_IDENTIFIER = "cc.Swift---";
				PRODUCT_NAME = "$(TARGET_NAME)";
				SWIFT_VERSION = 5.0;
				TARGETED_DEVICE_FAMILY = "1,2";
			};
			name = Debug;
		};
		22E311B425BEFC40002D68BA /* Release */ = {
			isa = XCBuildConfiguration;
			buildSettings = {
				ASSETCATALOG_COMPILER_APPICON_NAME = AppIcon;
				ASSETCATALOG_COMPILER_GLOBAL_ACCENT_COLOR_NAME = AccentColor;
				CODE_SIGN_STYLE = Automatic;
				INFOPLIST_FILE = "Swift 进阶/Info.plist";
				LD_RUNPATH_SEARCH_PATHS = (
					"$(inherited)",
					"@executable_path/Frameworks",
				);
				PRODUCT_BUNDLE_IDENTIFIER = "cc.Swift---";
				PRODUCT_NAME = "$(TARGET_NAME)";
				SWIFT_VERSION = 5.0;
				TARGETED_DEVICE_FAMILY = "1,2";
			};
			name = Release;
		};
		22E311B625BEFC40002D68BA /* Debug */ = {
			isa = XCBuildConfiguration;
			buildSettings = {
				ALWAYS_EMBED_SWIFT_STANDARD_LIBRARIES = YES;
				BUNDLE_LOADER = "$(TEST_HOST)";
				CODE_SIGN_STYLE = Automatic;
				INFOPLIST_FILE = "Swift 进阶Tests/Info.plist";
				IPHONEOS_DEPLOYMENT_TARGET = 14.3;
				LD_RUNPATH_SEARCH_PATHS = (
					"$(inherited)",
					"@executable_path/Frameworks",
					"@loader_path/Frameworks",
				);
				PRODUCT_BUNDLE_IDENTIFIER = "cc.Swift---Tests";
				PRODUCT_NAME = "$(TARGET_NAME)";
				SWIFT_VERSION = 5.0;
				TARGETED_DEVICE_FAMILY = "1,2";
				TEST_HOST = "$(BUILT_PRODUCTS_DIR)/Swift 进阶.app/Swift 进阶";
			};
			name = Debug;
		};
		22E311B725BEFC40002D68BA /* Release */ = {
			isa = XCBuildConfiguration;
			buildSettings = {
				ALWAYS_EMBED_SWIFT_STANDARD_LIBRARIES = YES;
				BUNDLE_LOADER = "$(TEST_HOST)";
				CODE_SIGN_STYLE = Automatic;
				INFOPLIST_FILE = "Swift 进阶Tests/Info.plist";
				IPHONEOS_DEPLOYMENT_TARGET = 14.3;
				LD_RUNPATH_SEARCH_PATHS = (
					"$(inherited)",
					"@executable_path/Frameworks",
					"@loader_path/Frameworks",
				);
				PRODUCT_BUNDLE_IDENTIFIER = "cc.Swift---Tests";
				PRODUCT_NAME = "$(TARGET_NAME)";
				SWIFT_VERSION = 5.0;
				TARGETED_DEVICE_FAMILY = "1,2";
				TEST_HOST = "$(BUILT_PRODUCTS_DIR)/Swift 进阶.app/Swift 进阶";
			};
			name = Release;
		};
		22E311B925BEFC40002D68BA /* Debug */ = {
			isa = XCBuildConfiguration;
			buildSettings = {
				ALWAYS_EMBED_SWIFT_STANDARD_LIBRARIES = YES;
				CODE_SIGN_STYLE = Automatic;
				INFOPLIST_FILE = "Swift 进阶UITests/Info.plist";
				LD_RUNPATH_SEARCH_PATHS = (
					"$(inherited)",
					"@executable_path/Frameworks",
					"@loader_path/Frameworks",
				);
				PRODUCT_BUNDLE_IDENTIFIER = "cc.Swift---UITests";
				PRODUCT_NAME = "$(TARGET_NAME)";
				SWIFT_VERSION = 5.0;
				TARGETED_DEVICE_FAMILY = "1,2";
				TEST_TARGET_NAME = "Swift 进阶";
			};
			name = Debug;
		};
		22E311BA25BEFC40002D68BA /* Release */ = {
			isa = XCBuildConfiguration;
			buildSettings = {
				ALWAYS_EMBED_SWIFT_STANDARD_LIBRARIES = YES;
				CODE_SIGN_STYLE = Automatic;
				INFOPLIST_FILE = "Swift 进阶UITests/Info.plist";
				LD_RUNPATH_SEARCH_PATHS = (
					"$(inherited)",
					"@executable_path/Frameworks",
					"@loader_path/Frameworks",
				);
				PRODUCT_BUNDLE_IDENTIFIER = "cc.Swift---UITests";
				PRODUCT_NAME = "$(TARGET_NAME)";
				SWIFT_VERSION = 5.0;
				TARGETED_DEVICE_FAMILY = "1,2";
				TEST_TARGET_NAME = "Swift 进阶";
			};
			name = Release;
		};
/* End XCBuildConfiguration section */

/* Begin XCConfigurationList section */
		22E3118325BEFC3E002D68BA /* Build configuration list for PBXProject "Swift 进阶" */ = {
			isa = XCConfigurationList;
			buildConfigurations = (
				22E311B025BEFC40002D68BA /* Debug */,
				22E311B125BEFC40002D68BA /* Release */,
			);
			defaultConfigurationIsVisible = 0;
			defaultConfigurationName = Release;
		};
		22E311B225BEFC40002D68BA /* Build configuration list for PBXNativeTarget "Swift 进阶" */ = {
			isa = XCConfigurationList;
			buildConfigurations = (
				22E311B325BEFC40002D68BA /* Debug */,
				22E311B425BEFC40002D68BA /* Release */,
			);
			defaultConfigurationIsVisible = 0;
			defaultConfigurationName = Release;
		};
		22E311B525BEFC40002D68BA /* Build configuration list for PBXNativeTarget "Swift 进阶Tests" */ = {
			isa = XCConfigurationList;
			buildConfigurations = (
				22E311B625BEFC40002D68BA /* Debug */,
				22E311B725BEFC40002D68BA /* Release */,
			);
			defaultConfigurationIsVisible = 0;
			defaultConfigurationName = Release;
		};
		22E311B825BEFC40002D68BA /* Build configuration list for PBXNativeTarget "Swift 进阶UITests" */ = {
			isa = XCConfigurationList;
			buildConfigurations = (
				22E311B925BEFC40002D68BA /* Debug */,
				22E311BA25BEFC40002D68BA /* Release */,
			);
			defaultConfigurationIsVisible = 0;
			defaultConfigurationName = Release;
		};
/* End XCConfigurationList section */
	};
	rootObject = 22E3118025BEFC3E002D68BA /* Project object */;
}
